
Microsoft Visual Studio Solution File, Format Version 12.00
# Visual Studio Version 17
VisualStudioVersion = 17.0.31903.59
MinimumVisualStudioVersion = 10.0.40219.1
Project("{9A19103F-16F7-4668-BE54-9A1E7A4F7556}") = "raminagrobis_v1", "raminagrobis_v1\raminagrobis_v1.csproj", "{301623B3-C0C2-4BB3-BF16-7C7DAD92FE47}"
EndProject
Project("{9A19103F-16F7-4668-BE54-9A1E7A4F7556}") = "Depot.DAL", "Depot.DAL\Depot.DAL.csproj", "{CC7D3003-1F12-420C-B7B4-5F2B534AB979}"
EndProject
Project("{9A19103F-16F7-4668-BE54-9A1E7A4F7556}") = "Raminagrobi.Metier", "Raminagrobi.Metier\Raminagrobi.Metier.csproj", "{EF6F6275-F2F2-4DD0-B926-BEA0A62329F4}"
EndProject
Project("{2150E333-8FDC-42A3-9474-1A3956D46DE8}") = "Solution Items", "Solution Items", "{220A51F1-15DC-457C-894A-56F23DC31634}"
	ProjectSection(SolutionItems) = preProject
		.editorconfig = .editorconfig
	EndProjectSection
EndProject
Global
	GlobalSection(SolutionConfigurationPlatforms) = preSolution
		Debug|Any CPU = Debug|Any CPU
		Release|Any CPU = Release|Any CPU
	EndGlobalSection
	GlobalSection(ProjectConfigurationPlatforms) = postSolution
		{301623B3-C0C2-4BB3-BF16-7C7DAD92FE47}.Debug|Any CPU.ActiveCfg = Debug|Any CPU
		{301623B3-C0C2-4BB3-BF16-7C7DAD92FE47}.Debug|Any CPU.Build.0 = Debug|Any CPU
		{301623B3-C0C2-4BB3-BF16-7C7DAD92FE47}.Release|Any CPU.ActiveCfg = Release|Any CPU
		{301623B3-C0C2-4BB3-BF16-7C7DAD92FE47}.Release|Any CPU.Build.0 = Release|Any CPU
		{CC7D3003-1F12-420C-B7B4-5F2B534AB979}.Debug|Any CPU.ActiveCfg = Debug|Any CPU
		{CC7D3003-1F12-420C-B7B4-5F2B534AB979}.Debug|Any CPU.Build.0 = Debug|Any CPU
		{CC7D3003-1F12-420C-B7B4-5F2B534AB979}.Release|Any CPU.ActiveCfg = Release|Any CPU
		{CC7D3003-1F12-420C-B7B4-5F2B534AB979}.Release|Any CPU.Build.0 = Release|Any CPU
		{EF6F6275-F2F2-4DD0-B926-BEA0A62329F4}.Debug|Any CPU.ActiveCfg = Debug|Any CPU
		{EF6F6275-F2F2-4DD0-B926-BEA0A62329F4}.Debug|Any CPU.Build.0 = Debug|Any CPU
		{EF6F6275-F2F2-4DD0-B926-BEA0A62329F4}.Release|Any CPU.ActiveCfg = Release|Any CPU
		{EF6F6275-F2F2-4DD0-B926-BEA0A62329F4}.Release|Any CPU.Build.0 = Release|Any CPU
	EndGlobalSection
	GlobalSection(SolutionProperties) = preSolution
		HideSolutionNode = FALSE
	EndGlobalSection
	GlobalSection(ExtensibilityGlobals) = postSolution
		SolutionGuid = {D24A60BC-0701-42D7-9989-25BA29669B1B}
	EndGlobalSection
EndGlobal
